
Microsoft Visual Studio Solution File, Format Version 12.00
# Visual Studio 15
VisualStudioVersion = 15.0.27703.2018
MinimumVisualStudioVersion = 10.0.40219.1
Project("{9A19103F-16F7-4668-BE54-9A1E7A4F7556}") = "CO.WebAPI", "CO.WebAPI\CO.WebAPI.csproj", "{B09FC81B-0B9B-4EB0-8479-15A21AB9FE97}"
EndProject
Project("{9A19103F-16F7-4668-BE54-9A1E7A4F7556}") = "CO.DAL", "CO.DAL\CO.DAL.csproj", "{B4AE21AC-59BB-4F98-AA04-A526C10C93F1}"
EndProject
Project("{9A19103F-16F7-4668-BE54-9A1E7A4F7556}") = "CO.Manager", "CO.Manager\CO.Manager.csproj", "{CF8C1523-A566-4E8C-9166-9495E853EC73}"
EndProject
Project("{9A19103F-16F7-4668-BE54-9A1E7A4F7556}") = "CO.Entity", "CO.Entity\CO.Entity.csproj", "{968FF879-00EB-4D53-98A3-BCAE74991E10}"
EndProject
Project("{2150E333-8FDC-42A3-9474-1A3956D46DE8}") = "CO.Service", "CO.Service", "{92AA7098-26D0-474C-B6FC-67D1A7B258E2}"
EndProject
Project("{2150E333-8FDC-42A3-9474-1A3956D46DE8}") = "CO.Client", "CO.Client", "{FC93331B-E160-4503-89A0-242051CC60EA}"
EndProject
Project("{9A19103F-16F7-4668-BE54-9A1E7A4F7556}") = "CO.Web", "CO.Web\CO.Web.csproj", "{1720A0F1-65D6-4CDF-A0CF-92440F63BC98}"
EndProject
Project("{2150E333-8FDC-42A3-9474-1A3956D46DE8}") = "CO.Test", "CO.Test", "{48701CF3-688F-4EBE-9D62-EBB1159E8444}"
EndProject
Global
	GlobalSection(SolutionConfigurationPlatforms) = preSolution
		Debug|Any CPU = Debug|Any CPU
		Release|Any CPU = Release|Any CPU
	EndGlobalSection
	GlobalSection(ProjectConfigurationPlatforms) = postSolution
		{B09FC81B-0B9B-4EB0-8479-15A21AB9FE97}.Debug|Any CPU.ActiveCfg = Debug|Any CPU
		{B09FC81B-0B9B-4EB0-8479-15A21AB9FE97}.Debug|Any CPU.Build.0 = Debug|Any CPU
		{B09FC81B-0B9B-4EB0-8479-15A21AB9FE97}.Release|Any CPU.ActiveCfg = Release|Any CPU
		{B09FC81B-0B9B-4EB0-8479-15A21AB9FE97}.Release|Any CPU.Build.0 = Release|Any CPU
		{B4AE21AC-59BB-4F98-AA04-A526C10C93F1}.Debug|Any CPU.ActiveCfg = Debug|Any CPU
		{B4AE21AC-59BB-4F98-AA04-A526C10C93F1}.Debug|Any CPU.Build.0 = Debug|Any CPU
		{B4AE21AC-59BB-4F98-AA04-A526C10C93F1}.Release|Any CPU.ActiveCfg = Release|Any CPU
		{B4AE21AC-59BB-4F98-AA04-A526C10C93F1}.Release|Any CPU.Build.0 = Release|Any CPU
		{CF8C1523-A566-4E8C-9166-9495E853EC73}.Debug|Any CPU.ActiveCfg = Debug|Any CPU
		{CF8C1523-A566-4E8C-9166-9495E853EC73}.Debug|Any CPU.Build.0 = Debug|Any CPU
		{CF8C1523-A566-4E8C-9166-9495E853EC73}.Release|Any CPU.ActiveCfg = Release|Any CPU
		{CF8C1523-A566-4E8C-9166-9495E853EC73}.Release|Any CPU.Build.0 = Release|Any CPU
		{968FF879-00EB-4D53-98A3-BCAE74991E10}.Debug|Any CPU.ActiveCfg = Debug|Any CPU
		{968FF879-00EB-4D53-98A3-BCAE74991E10}.Debug|Any CPU.Build.0 = Debug|Any CPU
		{968FF879-00EB-4D53-98A3-BCAE74991E10}.Release|Any CPU.ActiveCfg = Release|Any CPU
		{968FF879-00EB-4D53-98A3-BCAE74991E10}.Release|Any CPU.Build.0 = Release|Any CPU
		{1720A0F1-65D6-4CDF-A0CF-92440F63BC98}.Debug|Any CPU.ActiveCfg = Debug|Any CPU
		{1720A0F1-65D6-4CDF-A0CF-92440F63BC98}.Debug|Any CPU.Build.0 = Debug|Any CPU
		{1720A0F1-65D6-4CDF-A0CF-92440F63BC98}.Release|Any CPU.ActiveCfg = Release|Any CPU
		{1720A0F1-65D6-4CDF-A0CF-92440F63BC98}.Release|Any CPU.Build.0 = Release|Any CPU
	EndGlobalSection
	GlobalSection(SolutionProperties) = preSolution
		HideSolutionNode = FALSE
	EndGlobalSection
	GlobalSection(NestedProjects) = preSolution
		{B09FC81B-0B9B-4EB0-8479-15A21AB9FE97} = {92AA7098-26D0-474C-B6FC-67D1A7B258E2}
		{B4AE21AC-59BB-4F98-AA04-A526C10C93F1} = {92AA7098-26D0-474C-B6FC-67D1A7B258E2}
		{CF8C1523-A566-4E8C-9166-9495E853EC73} = {92AA7098-26D0-474C-B6FC-67D1A7B258E2}
		{968FF879-00EB-4D53-98A3-BCAE74991E10} = {92AA7098-26D0-474C-B6FC-67D1A7B258E2}
		{1720A0F1-65D6-4CDF-A0CF-92440F63BC98} = {FC93331B-E160-4503-89A0-242051CC60EA}
	EndGlobalSection
	GlobalSection(ExtensibilityGlobals) = postSolution
		SolutionGuid = {2FB6850E-DDC3-4DDE-81F2-DF04C7B730F6}
	EndGlobalSection
EndGlobal
